
Microsoft Visual Studio Solution File, Format Version 12.00
# Visual Studio Version 16
VisualStudioVersion = 16.0.30907.101
MinimumVisualStudioVersion = 10.0.40219.1
Project("{FAE04EC0-301F-11D3-BF4B-00C04F79EFBC}") = "WhiteboardEx_SD9", "WhiteboardEx_SD9.csproj", "{6BF4FF47-9780-4912-85F7-8C04683AA267}"
EndProject
Project("{FAE04EC0-301F-11D3-BF4B-00C04F79EFBC}") = "IsOdd", "..\IsOdd\IsOdd.csproj", "{C42BACB0-A34C-4645-998F-D64DCDB0EF53}"
EndProject
Project("{FAE04EC0-301F-11D3-BF4B-00C04F79EFBC}") = "SimpleGeometry", "..\SimpleGeometry\SimpleGeometry.csproj", "{006EC682-0C1E-4895-942A-3BCC721E3A04}"
EndProject
Global
	GlobalSection(SolutionConfigurationPlatforms) = preSolution
		Debug|Any CPU = Debug|Any CPU
		Release|Any CPU = Release|Any CPU
	EndGlobalSection
	GlobalSection(ProjectConfigurationPlatforms) = postSolution
		{6BF4FF47-9780-4912-85F7-8C04683AA267}.Debug|Any CPU.ActiveCfg = Debug|Any CPU
		{6BF4FF47-9780-4912-85F7-8C04683AA267}.Debug|Any CPU.Build.0 = Debug|Any CPU
		{6BF4FF47-9780-4912-85F7-8C04683AA267}.Release|Any CPU.ActiveCfg = Release|Any CPU
		{6BF4FF47-9780-4912-85F7-8C04683AA267}.Release|Any CPU.Build.0 = Release|Any CPU
		{C42BACB0-A34C-4645-998F-D64DCDB0EF53}.Debug|Any CPU.ActiveCfg = Debug|Any CPU
		{C42BACB0-A34C-4645-998F-D64DCDB0EF53}.Debug|Any CPU.Build.0 = Debug|Any CPU
		{C42BACB0-A34C-4645-998F-D64DCDB0EF53}.Release|Any CPU.ActiveCfg = Release|Any CPU
		{C42BACB0-A34C-4645-998F-D64DCDB0EF53}.Release|Any CPU.Build.0 = Release|Any CPU
		{006EC682-0C1E-4895-942A-3BCC721E3A04}.Debug|Any CPU.ActiveCfg = Debug|Any CPU
		{006EC682-0C1E-4895-942A-3BCC721E3A04}.Debug|Any CPU.Build.0 = Debug|Any CPU
		{006EC682-0C1E-4895-942A-3BCC721E3A04}.Release|Any CPU.ActiveCfg = Release|Any CPU
		{006EC682-0C1E-4895-942A-3BCC721E3A04}.Release|Any CPU.Build.0 = Release|Any CPU
	EndGlobalSection
	GlobalSection(SolutionProperties) = preSolution
		HideSolutionNode = FALSE
	EndGlobalSection
	GlobalSection(ExtensibilityGlobals) = postSolution
		SolutionGuid = {368C9162-BAAA-4F15-AF51-09E2F59CFDC0}
	EndGlobalSection
EndGlobal
